
Microsoft Visual Studio Solution File, Format Version 12.00
# Visual Studio Version 16
VisualStudioVersion = 16.0.34031.81
MinimumVisualStudioVersion = 10.0.40219.1
Project("{FAE04EC0-301F-11D3-BF4B-00C04F79EFBC}") = "Tyuiu.TitkovAA.Sprint1.Task0.V0", "Tyuiu.TitkovAA.Sprint1.Task0.V0\Tyuiu.TitkovAA.Sprint1.Task0.V0.csproj", "{92495369-88FC-4CDE-93A9-3E378A663131}"
EndProject
Project("{2150E333-8FDC-42A3-9474-1A3956D46DE8}") = "Task0", "Task0", "{33B46085-8B75-4A3B-87D2-8ACC764CCF4F}"
EndProject
Project("{FAE04EC0-301F-11D3-BF4B-00C04F79EFBC}") = "Tyuiu.TitkovAA.Sprint1.Task0.V0.Lib", "Tyuiu.TitkovAA.Sprint1.Task0.V0.Lib\Tyuiu.TitkovAA.Sprint1.Task0.V0.Lib.csproj", "{4D7C79A9-1922-4260-B39E-B3AE142D7D68}"
EndProject
Project("{FAE04EC0-301F-11D3-BF4B-00C04F79EFBC}") = "Tyuiu.TitkovAA.Sprint1.Task0.V0.Test", "Tyuiu.TitkovAA.Sprint1.Task0.V0.Test\Tyuiu.TitkovAA.Sprint1.Task0.V0.Test.csproj", "{6031C87B-71F6-4BFC-94E7-8323048D521E}"
EndProject
Project("{2150E333-8FDC-42A3-9474-1A3956D46DE8}") = "Task1", "Task1", "{FC56765E-E391-4B5D-ADEC-8C574C4FE1D3}"
EndProject
Project("{FAE04EC0-301F-11D3-BF4B-00C04F79EFBC}") = "Tyuiu.TitkovAA.Sprint1.Task1.V0", "Tyuiu.TitkovAA.Sprint1.Task1.V0\Tyuiu.TitkovAA.Sprint1.Task1.V0.csproj", "{2701DD09-A579-47EC-BE5A-AEDDE481CE4C}"
EndProject
Project("{FAE04EC0-301F-11D3-BF4B-00C04F79EFBC}") = "Tyuiu.TitkovAA.Sprint1.Task1.V0.Lib", "Tyuiu.TitkovAA.Sprint1.Task1.V0.Lib\Tyuiu.TitkovAA.Sprint1.Task1.V0.Lib.csproj", "{DD98BEC2-0278-4FD2-BCA4-EFF9127389CA}"
EndProject
Project("{FAE04EC0-301F-11D3-BF4B-00C04F79EFBC}") = "Tyuiu.TitkovAA.Sprint1.Task1.V0.Test", "Tyuiu.TitkovAA.Sprint1.Task1.V0.Test\Tyuiu.TitkovAA.Sprint1.Task1.V0.Test.csproj", "{C010FA80-979F-4760-B770-AADEC766DAC3}"
EndProject
Project("{2150E333-8FDC-42A3-9474-1A3956D46DE8}") = "Task2", "Task2", "{F51FF51B-5E1D-4ADF-B0BB-991128058590}"
EndProject
Project("{FAE04EC0-301F-11D3-BF4B-00C04F79EFBC}") = "Tyuiu.TitkovAA.Sprint1.Task2.V0", "Tyuiu.TitkovAA.Sprint1.Task2.V0\Tyuiu.TitkovAA.Sprint1.Task2.V0.csproj", "{7F7C90DF-F301-46D9-824E-C2C7BF9C9F81}"
EndProject
Project("{FAE04EC0-301F-11D3-BF4B-00C04F79EFBC}") = "Tyuiu.TitkovAA.Sprint1.Task2.V0.Test", "Tyuiu.TitkovAA.Sprint1.Task2.V0.Test\Tyuiu.TitkovAA.Sprint1.Task2.V0.Test.csproj", "{CC7B3332-3F4C-41F0-BAB6-F24D2F13330C}"
EndProject
Project("{FAE04EC0-301F-11D3-BF4B-00C04F79EFBC}") = "Tyuiu.TitkovAA.Sprint1.Task2.V0.Lib", "Tyuiu.TitkovAA.Sprint1.Task2.V0.Lib\Tyuiu.TitkovAA.Sprint1.Task2.V0.Lib.csproj", "{19469A51-8C5E-4044-8EC0-D43C4713F1F8}"
EndProject
Project("{2150E333-8FDC-42A3-9474-1A3956D46DE8}") = "Task3", "Task3", "{DF4626D4-7A3B-4846-A546-D650115FFD63}"
EndProject
Project("{FAE04EC0-301F-11D3-BF4B-00C04F79EFBC}") = "Tyuiu.TitkovAA.Sprint1.Task3.V0", "Tyuiu.TitkovAA.Sprint1.Task3.V0\Tyuiu.TitkovAA.Sprint1.Task3.V0.csproj", "{39C7BC31-1DF4-4B18-BBA9-F1C3DF2F6746}"
EndProject
Project("{FAE04EC0-301F-11D3-BF4B-00C04F79EFBC}") = "Tyuiu.TitkovAA.Sprint1.Task3.V0.Lib", "Tyuiu.TitkovAA.Sprint1.Task3.V0.Lib\Tyuiu.TitkovAA.Sprint1.Task3.V0.Lib.csproj", "{D597445E-CE9B-47C1-81A1-27028C55780D}"
EndProject
Project("{FAE04EC0-301F-11D3-BF4B-00C04F79EFBC}") = "Tyuiu.TitkovAA.Sprint1.Task3.V0.Test", "Tyuiu.TitkovAA.Sprint1.Task3.V0.Test\Tyuiu.TitkovAA.Sprint1.Task3.V0.Test.csproj", "{235B3E18-CC9A-4D1B-91EB-A21DD2687E5A}"
EndProject
Project("{2150E333-8FDC-42A3-9474-1A3956D46DE8}") = "Task4", "Task4", "{36950A08-897F-4040-BE84-3BC6D3B90104}"
EndProject
Project("{FAE04EC0-301F-11D3-BF4B-00C04F79EFBC}") = "Tyuiu.TitkovAA.Sprint1.Task4.V0", "Tyuiu.TitkovAA.Sprint1.Task4.V0\Tyuiu.TitkovAA.Sprint1.Task4.V0.csproj", "{F9F30A56-1F4E-4ADA-B671-04E7B535F593}"
EndProject
Project("{FAE04EC0-301F-11D3-BF4B-00C04F79EFBC}") = "Tyuiu.TitkovAA.Sprint1.Task4.V0.Test", "Tyuiu.TitkovAA.Sprint1.Task4.V0.Test\Tyuiu.TitkovAA.Sprint1.Task4.V0.Test.csproj", "{AD5C4DF7-E040-4D93-BF85-E18D66DA46CC}"
EndProject
Project("{FAE04EC0-301F-11D3-BF4B-00C04F79EFBC}") = "Tyuiu.TitkovAA.Sprint1.Task4.V0.Lib", "Tyuiu.TitkovAA.Sprint1.Task4.V0.Lib\Tyuiu.TitkovAA.Sprint1.Task4.V0.Lib.csproj", "{3E06D3CE-3189-41CF-AFE6-98F1E667C8B6}"
EndProject
Project("{2150E333-8FDC-42A3-9474-1A3956D46DE8}") = "Task5", "Task5", "{C4A943CD-599E-4124-A0C2-8B4CA2DAD47D}"
EndProject
Project("{FAE04EC0-301F-11D3-BF4B-00C04F79EFBC}") = "Tyuiu.TitkovAA.Sprint1.Task5.V0", "Tyuiu.TitkovAA.Sprint1.Task5.V0\Tyuiu.TitkovAA.Sprint1.Task5.V0.csproj", "{21EF7BEF-F8BC-4A73-97F5-318641735495}"
EndProject
Project("{FAE04EC0-301F-11D3-BF4B-00C04F79EFBC}") = "Tyuiu.TitkovAA.Sprint1.Task5.V0.Lib", "Tyuiu.TitkovAA.Sprint1.Task5.V0.Lib\Tyuiu.TitkovAA.Sprint1.Task5.V0.Lib.csproj", "{53B53D81-DC9F-447E-B94F-D33B97D46526}"
EndProject
Project("{FAE04EC0-301F-11D3-BF4B-00C04F79EFBC}") = "Tyuiu.TitkovAA.Sprint1.Task5.V0.Test", "Tyuiu.TitkovAA.Sprint1.Task5.V0.Test\Tyuiu.TitkovAA.Sprint1.Task5.V0.Test.csproj", "{3A72B71A-1D51-4976-9244-B77EAD54FE56}"
EndProject
Global
	GlobalSection(SolutionConfigurationPlatforms) = preSolution
		Debug|Any CPU = Debug|Any CPU
		Release|Any CPU = Release|Any CPU
	EndGlobalSection
	GlobalSection(ProjectConfigurationPlatforms) = postSolution
		{92495369-88FC-4CDE-93A9-3E378A663131}.Debug|Any CPU.ActiveCfg = Debug|Any CPU
		{92495369-88FC-4CDE-93A9-3E378A663131}.Debug|Any CPU.Build.0 = Debug|Any CPU
		{92495369-88FC-4CDE-93A9-3E378A663131}.Release|Any CPU.ActiveCfg = Release|Any CPU
		{92495369-88FC-4CDE-93A9-3E378A663131}.Release|Any CPU.Build.0 = Release|Any CPU
		{4D7C79A9-1922-4260-B39E-B3AE142D7D68}.Debug|Any CPU.ActiveCfg = Debug|Any CPU
		{4D7C79A9-1922-4260-B39E-B3AE142D7D68}.Debug|Any CPU.Build.0 = Debug|Any CPU
		{4D7C79A9-1922-4260-B39E-B3AE142D7D68}.Release|Any CPU.ActiveCfg = Release|Any CPU
		{4D7C79A9-1922-4260-B39E-B3AE142D7D68}.Release|Any CPU.Build.0 = Release|Any CPU
		{6031C87B-71F6-4BFC-94E7-8323048D521E}.Debug|Any CPU.ActiveCfg = Debug|Any CPU
		{6031C87B-71F6-4BFC-94E7-8323048D521E}.Debug|Any CPU.Build.0 = Debug|Any CPU
		{6031C87B-71F6-4BFC-94E7-8323048D521E}.Release|Any CPU.ActiveCfg = Release|Any CPU
		{6031C87B-71F6-4BFC-94E7-8323048D521E}.Release|Any CPU.Build.0 = Release|Any CPU
		{2701DD09-A579-47EC-BE5A-AEDDE481CE4C}.Debug|Any CPU.ActiveCfg = Debug|Any CPU
		{2701DD09-A579-47EC-BE5A-AEDDE481CE4C}.Debug|Any CPU.Build.0 = Debug|Any CPU
		{2701DD09-A579-47EC-BE5A-AEDDE481CE4C}.Release|Any CPU.ActiveCfg = Release|Any CPU
		{2701DD09-A579-47EC-BE5A-AEDDE481CE4C}.Release|Any CPU.Build.0 = Release|Any CPU
		{DD98BEC2-0278-4FD2-BCA4-EFF9127389CA}.Debug|Any CPU.ActiveCfg = Debug|Any CPU
		{DD98BEC2-0278-4FD2-BCA4-EFF9127389CA}.Debug|Any CPU.Build.0 = Debug|Any CPU
		{DD98BEC2-0278-4FD2-BCA4-EFF9127389CA}.Release|Any CPU.ActiveCfg = Release|Any CPU
		{DD98BEC2-0278-4FD2-BCA4-EFF9127389CA}.Release|Any CPU.Build.0 = Release|Any CPU
		{C010FA80-979F-4760-B770-AADEC766DAC3}.Debug|Any CPU.ActiveCfg = Debug|Any CPU
		{C010FA80-979F-4760-B770-AADEC766DAC3}.Debug|Any CPU.Build.0 = Debug|Any CPU
		{C010FA80-979F-4760-B770-AADEC766DAC3}.Release|Any CPU.ActiveCfg = Release|Any CPU
		{C010FA80-979F-4760-B770-AADEC766DAC3}.Release|Any CPU.Build.0 = Release|Any CPU
		{7F7C90DF-F301-46D9-824E-C2C7BF9C9F81}.Debug|Any CPU.ActiveCfg = Debug|Any CPU
		{7F7C90DF-F301-46D9-824E-C2C7BF9C9F81}.Debug|Any CPU.Build.0 = Debug|Any CPU
		{7F7C90DF-F301-46D9-824E-C2C7BF9C9F81}.Release|Any CPU.ActiveCfg = Release|Any CPU
		{7F7C90DF-F301-46D9-824E-C2C7BF9C9F81}.Release|Any CPU.Build.0 = Release|Any CPU
		{CC7B3332-3F4C-41F0-BAB6-F24D2F13330C}.Debug|Any CPU.ActiveCfg = Debug|Any CPU
		{CC7B3332-3F4C-41F0-BAB6-F24D2F13330C}.Debug|Any CPU.Build.0 = Debug|Any CPU
		{CC7B3332-3F4C-41F0-BAB6-F24D2F13330C}.Release|Any CPU.ActiveCfg = Release|Any CPU
		{CC7B3332-3F4C-41F0-BAB6-F24D2F13330C}.Release|Any CPU.Build.0 = Release|Any CPU
		{19469A51-8C5E-4044-8EC0-D43C4713F1F8}.Debug|Any CPU.ActiveCfg = Debug|Any CPU
		{19469A51-8C5E-4044-8EC0-D43C4713F1F8}.Debug|Any CPU.Build.0 = Debug|Any CPU
		{19469A51-8C5E-4044-8EC0-D43C4713F1F8}.Release|Any CPU.ActiveCfg = Release|Any CPU
		{19469A51-8C5E-4044-8EC0-D43C4713F1F8}.Release|Any CPU.Build.0 = Release|Any CPU
		{39C7BC31-1DF4-4B18-BBA9-F1C3DF2F6746}.Debug|Any CPU.ActiveCfg = Debug|Any CPU
		{39C7BC31-1DF4-4B18-BBA9-F1C3DF2F6746}.Debug|Any CPU.Build.0 = Debug|Any CPU
		{39C7BC31-1DF4-4B18-BBA9-F1C3DF2F6746}.Release|Any CPU.ActiveCfg = Release|Any CPU
		{39C7BC31-1DF4-4B18-BBA9-F1C3DF2F6746}.Release|Any CPU.Build.0 = Release|Any CPU
		{D597445E-CE9B-47C1-81A1-27028C55780D}.Debug|Any CPU.ActiveCfg = Debug|Any CPU
		{D597445E-CE9B-47C1-81A1-27028C55780D}.Debug|Any CPU.Build.0 = Debug|Any CPU
		{D597445E-CE9B-47C1-81A1-27028C55780D}.Release|Any CPU.ActiveCfg = Release|Any CPU
		{D597445E-CE9B-47C1-81A1-27028C55780D}.Release|Any CPU.Build.0 = Release|Any CPU
		{235B3E18-CC9A-4D1B-91EB-A21DD2687E5A}.Debug|Any CPU.ActiveCfg = Debug|Any CPU
		{235B3E18-CC9A-4D1B-91EB-A21DD2687E5A}.Debug|Any CPU.Build.0 = Debug|Any CPU
		{235B3E18-CC9A-4D1B-91EB-A21DD2687E5A}.Release|Any CPU.ActiveCfg = Release|Any CPU
		{235B3E18-CC9A-4D1B-91EB-A21DD2687E5A}.Release|Any CPU.Build.0 = Release|Any CPU
		{F9F30A56-1F4E-4ADA-B671-04E7B535F593}.Debug|Any CPU.ActiveCfg = Debug|Any CPU
		{F9F30A56-1F4E-4ADA-B671-04E7B535F593}.Debug|Any CPU.Build.0 = Debug|Any CPU
		{F9F30A56-1F4E-4ADA-B671-04E7B535F593}.Release|Any CPU.ActiveCfg = Release|Any CPU
		{F9F30A56-1F4E-4ADA-B671-04E7B535F593}.Release|Any CPU.Build.0 = Release|Any CPU
		{AD5C4DF7-E040-4D93-BF85-E18D66DA46CC}.Debug|Any CPU.ActiveCfg = Debug|Any CPU
		{AD5C4DF7-E040-4D93-BF85-E18D66DA46CC}.Debug|Any CPU.Build.0 = Debug|Any CPU
		{AD5C4DF7-E040-4D93-BF85-E18D66DA46CC}.Release|Any CPU.ActiveCfg = Release|Any CPU
		{AD5C4DF7-E040-4D93-BF85-E18D66DA46CC}.Release|Any CPU.Build.0 = Release|Any CPU
		{3E06D3CE-3189-41CF-AFE6-98F1E667C8B6}.Debug|Any CPU.ActiveCfg = Debug|Any CPU
		{3E06D3CE-3189-41CF-AFE6-98F1E667C8B6}.Debug|Any CPU.Build.0 = Debug|Any CPU
		{3E06D3CE-3189-41CF-AFE6-98F1E667C8B6}.Release|Any CPU.ActiveCfg = Release|Any CPU
		{3E06D3CE-3189-41CF-AFE6-98F1E667C8B6}.Release|Any CPU.Build.0 = Release|Any CPU
		{21EF7BEF-F8BC-4A73-97F5-318641735495}.Debug|Any CPU.ActiveCfg = Debug|Any CPU
		{21EF7BEF-F8BC-4A73-97F5-318641735495}.Debug|Any CPU.Build.0 = Debug|Any CPU
		{21EF7BEF-F8BC-4A73-97F5-318641735495}.Release|Any CPU.ActiveCfg = Release|Any CPU
		{21EF7BEF-F8BC-4A73-97F5-318641735495}.Release|Any CPU.Build.0 = Release|Any CPU
		{53B53D81-DC9F-447E-B94F-D33B97D46526}.Debug|Any CPU.ActiveCfg = Debug|Any CPU
		{53B53D81-DC9F-447E-B94F-D33B97D46526}.Debug|Any CPU.Build.0 = Debug|Any CPU
		{53B53D81-DC9F-447E-B94F-D33B97D46526}.Release|Any CPU.ActiveCfg = Release|Any CPU
		{53B53D81-DC9F-447E-B94F-D33B97D46526}.Release|Any CPU.Build.0 = Release|Any CPU
		{3A72B71A-1D51-4976-9244-B77EAD54FE56}.Debug|Any CPU.ActiveCfg = Debug|Any CPU
		{3A72B71A-1D51-4976-9244-B77EAD54FE56}.Debug|Any CPU.Build.0 = Debug|Any CPU
		{3A72B71A-1D51-4976-9244-B77EAD54FE56}.Release|Any CPU.ActiveCfg = Release|Any CPU
		{3A72B71A-1D51-4976-9244-B77EAD54FE56}.Release|Any CPU.Build.0 = Release|Any CPU
	EndGlobalSection
	GlobalSection(SolutionProperties) = preSolution
		HideSolutionNode = FALSE
	EndGlobalSection
	GlobalSection(NestedProjects) = preSolution
		{92495369-88FC-4CDE-93A9-3E378A663131} = {33B46085-8B75-4A3B-87D2-8ACC764CCF4F}
		{4D7C79A9-1922-4260-B39E-B3AE142D7D68} = {33B46085-8B75-4A3B-87D2-8ACC764CCF4F}
		{6031C87B-71F6-4BFC-94E7-8323048D521E} = {33B46085-8B75-4A3B-87D2-8ACC764CCF4F}
		{2701DD09-A579-47EC-BE5A-AEDDE481CE4C} = {FC56765E-E391-4B5D-ADEC-8C574C4FE1D3}
		{DD98BEC2-0278-4FD2-BCA4-EFF9127389CA} = {FC56765E-E391-4B5D-ADEC-8C574C4FE1D3}
		{C010FA80-979F-4760-B770-AADEC766DAC3} = {FC56765E-E391-4B5D-ADEC-8C574C4FE1D3}
		{7F7C90DF-F301-46D9-824E-C2C7BF9C9F81} = {F51FF51B-5E1D-4ADF-B0BB-991128058590}
		{CC7B3332-3F4C-41F0-BAB6-F24D2F13330C} = {F51FF51B-5E1D-4ADF-B0BB-991128058590}
		{19469A51-8C5E-4044-8EC0-D43C4713F1F8} = {F51FF51B-5E1D-4ADF-B0BB-991128058590}
		{39C7BC31-1DF4-4B18-BBA9-F1C3DF2F6746} = {DF4626D4-7A3B-4846-A546-D650115FFD63}
		{D597445E-CE9B-47C1-81A1-27028C55780D} = {DF4626D4-7A3B-4846-A546-D650115FFD63}
		{235B3E18-CC9A-4D1B-91EB-A21DD2687E5A} = {DF4626D4-7A3B-4846-A546-D650115FFD63}
		{F9F30A56-1F4E-4ADA-B671-04E7B535F593} = {36950A08-897F-4040-BE84-3BC6D3B90104}
		{AD5C4DF7-E040-4D93-BF85-E18D66DA46CC} = {36950A08-897F-4040-BE84-3BC6D3B90104}
		{3E06D3CE-3189-41CF-AFE6-98F1E667C8B6} = {36950A08-897F-4040-BE84-3BC6D3B90104}
		{21EF7BEF-F8BC-4A73-97F5-318641735495} = {C4A943CD-599E-4124-A0C2-8B4CA2DAD47D}
		{53B53D81-DC9F-447E-B94F-D33B97D46526} = {C4A943CD-599E-4124-A0C2-8B4CA2DAD47D}
		{3A72B71A-1D51-4976-9244-B77EAD54FE56} = {C4A943CD-599E-4124-A0C2-8B4CA2DAD47D}
	EndGlobalSection
	GlobalSection(ExtensibilityGlobals) = postSolution
		SolutionGuid = {001FC793-958F-44C0-BD00-AFF32C0C92F1}
	EndGlobalSection
EndGlobal
